PODS:
  - R.swift (4.0.0):
    - R.swift.Library (~> 4.0.0)
  - R.swift.Library (4.0.0)
  - SwiftLint (0.24.2)

DEPENDENCIES:
  - R.swift (~> 4.0.0)
  - SwiftLint (~> 0.24.2)

SPEC CHECKSUMS:
  R.swift: d6a5ec2f55a8441dc0ed9f1f8b37d7d11ae85c66
  R.swift.Library: c3af34921024333546e23b70e70d0b4e0cffca75
  SwiftLint: 2aa21b96c8d13396a051bc1cb659d2ce1e0075b0

PODFILE CHECKSUM: c4ffbcf6bba3b1f3454ded9cb2de37d95698c25c

COCOAPODS: 1.3.1
